
Microsoft Visual Studio Solution File, Format Version 12.00
# Visual Studio Version 16
VisualStudioVersion = 16.0.33423.256
MinimumVisualStudioVersion = 10.0.40219.1
Project("{FAE04EC0-301F-11D3-BF4B-00C04F79EFBC}") = "Lists Vs Array", "Lists Vs Array\Lists Vs Array.csproj", "{BE60D919-80A9-40A0-9CD5-8596F20A47DD}"
EndProject
Global
	GlobalSection(SolutionConfigurationPlatforms) = preSolution
		Debug|Any CPU = Debug|Any CPU
		Release|Any CPU = Release|Any CPU
	EndGlobalSection
	GlobalSection(ProjectConfigurationPlatforms) = postSolution
		{BE60D919-80A9-40A0-9CD5-8596F20A47DD}.Debug|Any CPU.ActiveCfg = Debug|Any CPU
		{BE60D919-80A9-40A0-9CD5-8596F20A47DD}.Debug|Any CPU.Build.0 = Debug|Any CPU
		{BE60D919-80A9-40A0-9CD5-8596F20A47DD}.Release|Any CPU.ActiveCfg = Release|Any CPU
		{BE60D919-80A9-40A0-9CD5-8596F20A47DD}.Release|Any CPU.Build.0 = Release|Any CPU
	EndGlobalSection
	GlobalSection(SolutionProperties) = preSolution
		HideSolutionNode = FALSE
	EndGlobalSection
	GlobalSection(ExtensibilityGlobals) = postSolution
		SolutionGuid = {88D61995-36E6-49EA-8B1E-94685DF05D9E}
	EndGlobalSection
EndGlobal
