
Microsoft Visual Studio Solution File, Format Version 12.00
# Visual Studio Version 16
VisualStudioVersion = 16.0.33423.256
MinimumVisualStudioVersion = 10.0.40219.1
Project("{FAE04EC0-301F-11D3-BF4B-00C04F79EFBC}") = "While Loops", "While Loops\While Loops.csproj", "{B9495D1D-1A77-4798-95D1-9BBD7E57DEDE}"
EndProject
Global
	GlobalSection(SolutionConfigurationPlatforms) = preSolution
		Debug|Any CPU = Debug|Any CPU
		Release|Any CPU = Release|Any CPU
	EndGlobalSection
	GlobalSection(ProjectConfigurationPlatforms) = postSolution
		{B9495D1D-1A77-4798-95D1-9BBD7E57DEDE}.Debug|Any CPU.ActiveCfg = Debug|Any CPU
		{B9495D1D-1A77-4798-95D1-9BBD7E57DEDE}.Debug|Any CPU.Build.0 = Debug|Any CPU
		{B9495D1D-1A77-4798-95D1-9BBD7E57DEDE}.Release|Any CPU.ActiveCfg = Release|Any CPU
		{B9495D1D-1A77-4798-95D1-9BBD7E57DEDE}.Release|Any CPU.Build.0 = Release|Any CPU
	EndGlobalSection
	GlobalSection(SolutionProperties) = preSolution
		HideSolutionNode = FALSE
	EndGlobalSection
	GlobalSection(ExtensibilityGlobals) = postSolution
		SolutionGuid = {D59EAF25-FEB3-416A-B81D-27494E9BA490}
	EndGlobalSection
EndGlobal
